// !$*UTF8*$!
{
	archiveVersion = 1;
	classes = {
	};
	objectVersion = 46;
	objects = {

/* Begin PBXBuildFile section */
		D02A9FB51E7C593E005AD526 /* ResultsTableViewController.swift in Sources */ = {isa = PBXBuildFile; fileRef = D02A9FB41E7C593E005AD526 /* ResultsTableViewController.swift */; };
		D02C1E541E59F8BE003C5467 /* AppDelegate.swift in Sources */ = {isa = PBXBuildFile; fileRef = D02C1E531E59F8BE003C5467 /* AppDelegate.swift */; };
		D02C1E561E59F8BE003C5467 /* LiveViewModeViewController.swift in Sources */ = {isa = PBXBuildFile; fileRef = D02C1E551E59F8BE003C5467 /* LiveViewModeViewController.swift */; };
		D02C1E5B1E59F8BE003C5467 /* Main.storyboard in Resources */ = {isa = PBXBuildFile; fileRef = D02C1E591E59F8BE003C5467 /* Main.storyboard */; };
		D02C1E5D1E59F8BE003C5467 /* Assets.xcassets in Resources */ = {isa = PBXBuildFile; fileRef = D02C1E5C1E59F8BE003C5467 /* Assets.xcassets */; };
		D02C1E601E59F8BE003C5467 /* LaunchScreen.storyboard in Resources */ = {isa = PBXBuildFile; fileRef = D02C1E5E1E59F8BE003C5467 /* LaunchScreen.storyboard */; };
		D02C1E6B1E59F8BE003C5467 /* Emotion_DetectTests.swift in Sources */ = {isa = PBXBuildFile; fileRef = D02C1E6A1E59F8BE003C5467 /* Emotion_DetectTests.swift */; };
		D02C1E761E59F8BE003C5467 /* Emotion_DetectUITests.swift in Sources */ = {isa = PBXBuildFile; fileRef = D02C1E751E59F8BE003C5467 /* Emotion_DetectUITests.swift */; };
		D06BDDC21E69C93600BBBC0C /* opencv2.framework in Frameworks */ = {isa = PBXBuildFile; fileRef = D06BDDC11E69C93600BBBC0C /* opencv2.framework */; };
		D076E4311E7FDB0D00ED584E /* SessionTableViewCell.swift in Sources */ = {isa = PBXBuildFile; fileRef = D076E4301E7FDB0D00ED584E /* SessionTableViewCell.swift */; };
		D076E4331E7FDB2600ED584E /* SessionTableViewController.swift in Sources */ = {isa = PBXBuildFile; fileRef = D076E4321E7FDB2600ED584E /* SessionTableViewController.swift */; };
		D096B6601E5B356800E99D35 /* CameraType.swift in Sources */ = {isa = PBXBuildFile; fileRef = D096B65F1E5B356800E99D35 /* CameraType.swift */; };
		D0A6955A1E7DEB88008A19F1 /* ResultsTableViewCell.swift in Sources */ = {isa = PBXBuildFile; fileRef = D0A695591E7DEB88008A19F1 /* ResultsTableViewCell.swift */; };
		D0A6955C1E7DF81B008A19F1 /* Result.swift in Sources */ = {isa = PBXBuildFile; fileRef = D0A6955B1E7DF81B008A19F1 /* Result.swift */; };
		D0A6955F1E7EFBA1008A19F1 /* DetectedEmotionViewController.swift in Sources */ = {isa = PBXBuildFile; fileRef = D0A6955E1E7EFBA1008A19F1 /* DetectedEmotionViewController.swift */; };
		D0BDCCF11EA2CE9D00907298 /* EmotionCore.framework in Frameworks */ = {isa = PBXBuildFile; fileRef = D0BDCCF01EA2CE9D00907298 /* EmotionCore.framework */; };
		D0BDCCF31EA2CEBD00907298 /* EmotionCore.framework in Embed Frameworks */ = {isa = PBXBuildFile; fileRef = D0BDCCF21EA2CEBD00907298 /* EmotionCore.framework */; settings = {ATTRIBUTES = (CodeSignOnCopy, RemoveHeadersOnCopy, ); }; };
		D0C43FE11EAAEF2600BD9463 /* EmotionDetection.xcdatamodeld in Sources */ = {isa = PBXBuildFile; fileRef = D0C43FDF1EAAEF2600BD9463 /* EmotionDetection.xcdatamodeld */; };
		D0C43FE31EAB8A4000BD9463 /* LiveViewModeViewController+AVCaptureVideoDataOutputSampleBufferDelegate.swift in Sources */ = {isa = PBXBuildFile; fileRef = D0C43FE21EAB8A4000BD9463 /* LiveViewModeViewController+AVCaptureVideoDataOutputSampleBufferDelegate.swift */; };
		D0C43FEB1EABA12800BD9463 /* SettingsViewController.swift in Sources */ = {isa = PBXBuildFile; fileRef = D0C43FEA1EABA12800BD9463 /* SettingsViewController.swift */; };
		D0C43FFD1EABAC4D00BD9463 /* anger.xml in Resources */ = {isa = PBXBuildFile; fileRef = D0C43FEF1EABAC4D00BD9463 /* anger.xml */; };
		D0C43FFE1EABAC4D00BD9463 /* contempt.xml in Resources */ = {isa = PBXBuildFile; fileRef = D0C43FF01EABAC4D00BD9463 /* contempt.xml */; };
		D0C43FFF1EABAC4D00BD9463 /* disgust.xml in Resources */ = {isa = PBXBuildFile; fileRef = D0C43FF11EABAC4D00BD9463 /* disgust.xml */; };
		D0C440001EABAC4D00BD9463 /* fear.xml in Resources */ = {isa = PBXBuildFile; fileRef = D0C43FF21EABAC4D00BD9463 /* fear.xml */; };
		D0C440011EABAC4D00BD9463 /* haarcascade_eye_tree_eyeglasses.xml in Resources */ = {isa = PBXBuildFile; fileRef = D0C43FF31EABAC4D00BD9463 /* haarcascade_eye_tree_eyeglasses.xml */; };
		D0C440021EABAC4D00BD9463 /* haarcascade_frontalface_alt.xml in Resources */ = {isa = PBXBuildFile; fileRef = D0C43FF41EABAC4D00BD9463 /* haarcascade_frontalface_alt.xml */; };
		D0C440031EABAC4D00BD9463 /* happiness.xml in Resources */ = {isa = PBXBuildFile; fileRef = D0C43FF51EABAC4D00BD9463 /* happiness.xml */; };
		D0C440041EABAC4D00BD9463 /* negative.xml in Resources */ = {isa = PBXBuildFile; fileRef = D0C43FF61EABAC4D00BD9463 /* negative.xml */; };
		D0C440051EABAC4D00BD9463 /* neutral.xml in Resources */ = {isa = PBXBuildFile; fileRef = D0C43FF71EABAC4D00BD9463 /* neutral.xml */; };
		D0C440061EABAC4D00BD9463 /* OpenCVWrapper.mm in Sources */ = {isa = PBXBuildFile; fileRef = D0C43FF91EABAC4D00BD9463 /* OpenCVWrapper.mm */; };
		D0C440071EABAC4D00BD9463 /* positive.xml in Resources */ = {isa = PBXBuildFile; fileRef = D0C43FFA1EABAC4D00BD9463 /* positive.xml */; };
		D0C440081EABAC4D00BD9463 /* sadness.xml in Resources */ = {isa = PBXBuildFile; fileRef = D0C43FFB1EABAC4D00BD9463 /* sadness.xml */; };
		D0C440091EABAC4D00BD9463 /* surprise.xml in Resources */ = {isa = PBXBuildFile; fileRef = D0C43FFC1EABAC4D00BD9463 /* surprise.xml */; };
		D0C4400B1EABB09600BD9463 /* VideoViewController.swift in Sources */ = {isa = PBXBuildFile; fileRef = D0C4400A1EABB09600BD9463 /* VideoViewController.swift */; };
		D0C4400D1EABBD8200BD9463 /* PhotoViewController.swift in Sources */ = {isa = PBXBuildFile; fileRef = D0C4400C1EABBD8200BD9463 /* PhotoViewController.swift */; };
		D0C4400F1EABCC2700BD9463 /* EmotionDetectable.swift in Sources */ = {isa = PBXBuildFile; fileRef = D0C4400E1EABCC2700BD9463 /* EmotionDetectable.swift */; };
/* End PBXBuildFile section */

/* Begin PBXContainerItemProxy section */
		D02C1E671E59F8BE003C5467 /* PBXContainerItemProxy */ = {
			isa = PBXContainerItemProxy;
			containerPortal = D02C1E481E59F8BE003C5467 /* Project object */;
			proxyType = 1;
			remoteGlobalIDString = D02C1E4F1E59F8BE003C5467;
			remoteInfo = "Emotion Detect";
		};
		D02C1E721E59F8BE003C5467 /* PBXContainerItemProxy */ = {
			isa = PBXContainerItemProxy;
			containerPortal = D02C1E481E59F8BE003C5467 /* Project object */;
			proxyType = 1;
			remoteGlobalIDString = D02C1E4F1E59F8BE003C5467;
			remoteInfo = "Emotion Detect";
		};
/* End PBXContainerItemProxy section */

/* Begin PBXCopyFilesBuildPhase section */
		D06BDDDA1E69D92F00BBBC0C /* Embed Frameworks */ = {
			isa = PBXCopyFilesBuildPhase;
			buildActionMask = 2147483647;
			dstPath = "";
			dstSubfolderSpec = 10;
			files = (
				D0BDCCF31EA2CEBD00907298 /* EmotionCore.framework in Embed Frameworks */,
			);
			name = "Embed Frameworks";
			runOnlyForDeploymentPostprocessing = 0;
		};
/* End PBXCopyFilesBuildPhase section */

/* Begin PBXFileReference section */
		D02A9FB41E7C593E005AD526 /* ResultsTableViewController.swift */ = {isa = PBXFileReference; fileEncoding = 4; lastKnownFileType = sourcecode.swift; path = ResultsTableViewController.swift; sourceTree = "<group>"; };
		D02C1E501E59F8BE003C5467 /* Emotion Detect.app */ = {isa = PBXFileReference; explicitFileType = wrapper.application; includeInIndex = 0; path = "Emotion Detect.app"; sourceTree = BUILT_PRODUCTS_DIR; };
		D02C1E531E59F8BE003C5467 /* AppDelegate.swift */ = {isa = PBXFileReference; lastKnownFileType = sourcecode.swift; path = AppDelegate.swift; sourceTree = "<group>"; };
		D02C1E551E59F8BE003C5467 /* LiveViewModeViewController.swift */ = {isa = PBXFileReference; lastKnownFileType = sourcecode.swift; path = LiveViewModeViewController.swift; sourceTree = "<group>"; wrapsLines = 0; };
		D02C1E5A1E59F8BE003C5467 /* Base */ = {isa = PBXFileReference; lastKnownFileType = file.storyboard; name = Base; path = Base.lproj/Main.storyboard; sourceTree = "<group>"; };
		D02C1E5C1E59F8BE003C5467 /* Assets.xcassets */ = {isa = PBXFileReference; lastKnownFileType = folder.assetcatalog; path = Assets.xcassets; sourceTree = "<group>"; };
		D02C1E5F1E59F8BE003C5467 /* Base */ = {isa = PBXFileReference; lastKnownFileType = file.storyboard; name = Base; path = Base.lproj/LaunchScreen.storyboard; sourceTree = "<group>"; };
		D02C1E611E59F8BE003C5467 /* Info.plist */ = {isa = PBXFileReference; lastKnownFileType = text.plist.xml; path = Info.plist; sourceTree = "<group>"; };
		D02C1E661E59F8BE003C5467 /* Emotion DetectTests.xctest */ = {isa = PBXFileReference; explicitFileType = wrapper.cfbundle; includeInIndex = 0; path = "Emotion DetectTests.xctest"; sourceTree = BUILT_PRODUCTS_DIR; };
		D02C1E6A1E59F8BE003C5467 /* Emotion_DetectTests.swift */ = {isa = PBXFileReference; lastKnownFileType = sourcecode.swift; path = Emotion_DetectTests.swift; sourceTree = "<group>"; };
		D02C1E6C1E59F8BE003C5467 /* Info.plist */ = {isa = PBXFileReference; lastKnownFileType = text.plist.xml; path = Info.plist; sourceTree = "<group>"; };
		D02C1E711E59F8BE003C5467 /* Emotion DetectUITests.xctest */ = {isa = PBXFileReference; explicitFileType = wrapper.cfbundle; includeInIndex = 0; path = "Emotion DetectUITests.xctest"; sourceTree = BUILT_PRODUCTS_DIR; };
		D02C1E751E59F8BE003C5467 /* Emotion_DetectUITests.swift */ = {isa = PBXFileReference; lastKnownFileType = sourcecode.swift; path = Emotion_DetectUITests.swift; sourceTree = "<group>"; };
		D02C1E771E59F8BE003C5467 /* Info.plist */ = {isa = PBXFileReference; lastKnownFileType = text.plist.xml; path = Info.plist; sourceTree = "<group>"; };
		D02C1E841E5A113E003C5467 /* AVFoundation.framework */ = {isa = PBXFileReference; lastKnownFileType = wrapper.framework; name = AVFoundation.framework; path = System/Library/Frameworks/AVFoundation.framework; sourceTree = SDKROOT; };
		D06BDDB41E69C84E00BBBC0C /* Emotion Detect-Bridging-Header.h */ = {isa = PBXFileReference; lastKnownFileType = sourcecode.c.h; path = "Emotion Detect-Bridging-Header.h"; sourceTree = "<group>"; };
		D06BDDC11E69C93600BBBC0C /* opencv2.framework */ = {isa = PBXFileReference; lastKnownFileType = wrapper.framework; name = opencv2.framework; path = "Packages/OpenCVFramework-1.0.0/Sources/opencv2.framework"; sourceTree = "<group>"; };
		D076E4301E7FDB0D00ED584E /* SessionTableViewCell.swift */ = {isa = PBXFileReference; fileEncoding = 4; lastKnownFileType = sourcecode.swift; path = SessionTableViewCell.swift; sourceTree = "<group>"; };
		D076E4321E7FDB2600ED584E /* SessionTableViewController.swift */ = {isa = PBXFileReference; fileEncoding = 4; lastKnownFileType = sourcecode.swift; path = SessionTableViewController.swift; sourceTree = "<group>"; };
		D096B65F1E5B356800E99D35 /* CameraType.swift */ = {isa = PBXFileReference; fileEncoding = 4; lastKnownFileType = sourcecode.swift; path = CameraType.swift; sourceTree = "<group>"; };
		D0A695591E7DEB88008A19F1 /* ResultsTableViewCell.swift */ = {isa = PBXFileReference; fileEncoding = 4; lastKnownFileType = sourcecode.swift; path = ResultsTableViewCell.swift; sourceTree = "<group>"; };
		D0A6955B1E7DF81B008A19F1 /* Result.swift */ = {isa = PBXFileReference; fileEncoding = 4; lastKnownFileType = sourcecode.swift; path = Result.swift; sourceTree = "<group>"; };
		D0A6955E1E7EFBA1008A19F1 /* DetectedEmotionViewController.swift */ = {isa = PBXFileReference; fileEncoding = 4; lastKnownFileType = sourcecode.swift; path = DetectedEmotionViewController.swift; sourceTree = "<group>"; };
		D0BDCCF01EA2CE9D00907298 /* EmotionCore.framework */ = {isa = PBXFileReference; lastKnownFileType = wrapper.framework; name = EmotionCore.framework; path = "Packages/EmotionCore-1.0.15/Sources/EmotionCore.framework"; sourceTree = "<group>"; };
		D0BDCCF21EA2CEBD00907298 /* EmotionCore.framework */ = {isa = PBXFileReference; lastKnownFileType = wrapper.framework; name = EmotionCore.framework; path = "Packages/EmotionCore-1.0.15/Sources/EmotionCore.framework"; sourceTree = "<group>"; };
		D0C43FE01EAAEF2600BD9463 /* EmotionDetection.xcdatamodel */ = {isa = PBXFileReference; lastKnownFileType = wrapper.xcdatamodel; path = EmotionDetection.xcdatamodel; sourceTree = "<group>"; };
		D0C43FE21EAB8A4000BD9463 /* LiveViewModeViewController+AVCaptureVideoDataOutputSampleBufferDelegate.swift */ = {isa = PBXFileReference; fileEncoding = 4; lastKnownFileType = sourcecode.swift; path = "LiveViewModeViewController+AVCaptureVideoDataOutputSampleBufferDelegate.swift"; sourceTree = "<group>"; };
		D0C43FEA1EABA12800BD9463 /* SettingsViewController.swift */ = {isa = PBXFileReference; fileEncoding = 4; lastKnownFileType = sourcecode.swift; path = SettingsViewController.swift; sourceTree = "<group>"; };
		D0C43FEF1EABAC4D00BD9463 /* anger.xml */ = {isa = PBXFileReference; fileEncoding = 4; lastKnownFileType = text.xml; name = anger.xml; path = "Packages/OpenCVWrapper-1.0.7/Sources/anger.xml"; sourceTree = SOURCE_ROOT; };
		D0C43FF01EABAC4D00BD9463 /* contempt.xml */ = {isa = PBXFileReference; fileEncoding = 4; lastKnownFileType = text.xml; name = contempt.xml; path = "Packages/OpenCVWrapper-1.0.7/Sources/contempt.xml"; sourceTree = SOURCE_ROOT; };
		D0C43FF11EABAC4D00BD9463 /* disgust.xml */ = {isa = PBXFileReference; fileEncoding = 4; lastKnownFileType = text.xml; name = disgust.xml; path = "Packages/OpenCVWrapper-1.0.7/Sources/disgust.xml"; sourceTree = SOURCE_ROOT; };
		D0C43FF21EABAC4D00BD9463 /* fear.xml */ = {isa = PBXFileReference; fileEncoding = 4; lastKnownFileType = text.xml; name = fear.xml; path = "Packages/OpenCVWrapper-1.0.7/Sources/fear.xml"; sourceTree = SOURCE_ROOT; };
		D0C43FF31EABAC4D00BD9463 /* haarcascade_eye_tree_eyeglasses.xml */ = {isa = PBXFileReference; fileEncoding = 4; lastKnownFileType = text.xml; name = haarcascade_eye_tree_eyeglasses.xml; path = "Packages/OpenCVWrapper-1.0.7/Sources/haarcascade_eye_tree_eyeglasses.xml"; sourceTree = SOURCE_ROOT; };
		D0C43FF41EABAC4D00BD9463 /* haarcascade_frontalface_alt.xml */ = {isa = PBXFileReference; fileEncoding = 4; lastKnownFileType = text.xml; name = haarcascade_frontalface_alt.xml; path = "Packages/OpenCVWrapper-1.0.7/Sources/haarcascade_frontalface_alt.xml"; sourceTree = SOURCE_ROOT; };
		D0C43FF51EABAC4D00BD9463 /* happiness.xml */ = {isa = PBXFileReference; fileEncoding = 4; lastKnownFileType = text.xml; name = happiness.xml; path = "Packages/OpenCVWrapper-1.0.7/Sources/happiness.xml"; sourceTree = SOURCE_ROOT; };
		D0C43FF61EABAC4D00BD9463 /* negative.xml */ = {isa = PBXFileReference; fileEncoding = 4; lastKnownFileType = text.xml; name = negative.xml; path = "Packages/OpenCVWrapper-1.0.7/Sources/negative.xml"; sourceTree = SOURCE_ROOT; };
		D0C43FF71EABAC4D00BD9463 /* neutral.xml */ = {isa = PBXFileReference; fileEncoding = 4; lastKnownFileType = text.xml; name = neutral.xml; path = "Packages/OpenCVWrapper-1.0.7/Sources/neutral.xml"; sourceTree = SOURCE_ROOT; };
		D0C43FF81EABAC4D00BD9463 /* OpenCVWrapper.h */ = {isa = PBXFileReference; fileEncoding = 4; lastKnownFileType = sourcecode.c.h; name = OpenCVWrapper.h; path = "Packages/OpenCVWrapper-1.0.7/Sources/OpenCVWrapper.h"; sourceTree = SOURCE_ROOT; };
		D0C43FF91EABAC4D00BD9463 /* OpenCVWrapper.mm */ = {isa = PBXFileReference; fileEncoding = 4; lastKnownFileType = sourcecode.cpp.objcpp; name = OpenCVWrapper.mm; path = "Packages/OpenCVWrapper-1.0.7/Sources/OpenCVWrapper.mm"; sourceTree = SOURCE_ROOT; };
		D0C43FFA1EABAC4D00BD9463 /* positive.xml */ = {isa = PBXFileReference; fileEncoding = 4; lastKnownFileType = text.xml; name = positive.xml; path = "Packages/OpenCVWrapper-1.0.7/Sources/positive.xml"; sourceTree = SOURCE_ROOT; };
		D0C43FFB1EABAC4D00BD9463 /* sadness.xml */ = {isa = PBXFileReference; fileEncoding = 4; lastKnownFileType = text.xml; name = sadness.xml; path = "Packages/OpenCVWrapper-1.0.7/Sources/sadness.xml"; sourceTree = SOURCE_ROOT; };
		D0C43FFC1EABAC4D00BD9463 /* surprise.xml */ = {isa = PBXFileReference; fileEncoding = 4; lastKnownFileType = text.xml; name = surprise.xml; path = "Packages/OpenCVWrapper-1.0.7/Sources/surprise.xml"; sourceTree = SOURCE_ROOT; };
		D0C4400A1EABB09600BD9463 /* VideoViewController.swift */ = {isa = PBXFileReference; fileEncoding = 4; lastKnownFileType = sourcecode.swift; path = VideoViewController.swift; sourceTree = "<group>"; };
		D0C4400C1EABBD8200BD9463 /* PhotoViewController.swift */ = {isa = PBXFileReference; fileEncoding = 4; lastKnownFileType = sourcecode.swift; path = PhotoViewController.swift; sourceTree = "<group>"; };
		D0C4400E1EABCC2700BD9463 /* EmotionDetectable.swift */ = {isa = PBXFileReference; fileEncoding = 4; lastKnownFileType = sourcecode.swift; path = EmotionDetectable.swift; sourceTree = "<group>"; };
/* End PBXFileReference section */

/* Begin PBXFrameworksBuildPhase section */
		D02C1E4D1E59F8BE003C5467 /* Frameworks */ = {
			isa = PBXFrameworksBuildPhase;
			buildActionMask = 2147483647;
			files = (
				D0BDCCF11EA2CE9D00907298 /* EmotionCore.framework in Frameworks */,
				D06BDDC21E69C93600BBBC0C /* opencv2.framework in Frameworks */,
			);
			runOnlyForDeploymentPostprocessing = 0;
		};
		D02C1E631E59F8BE003C5467 /* Frameworks */ = {
			isa = PBXFrameworksBuildPhase;
			buildActionMask = 2147483647;
			files = (
			);
			runOnlyForDeploymentPostprocessing = 0;
		};
		D02C1E6E1E59F8BE003C5467 /* Frameworks */ = {
			isa = PBXFrameworksBuildPhase;
			buildActionMask = 2147483647;
			files = (
			);
			runOnlyForDeploymentPostprocessing = 0;
		};
/* End PBXFrameworksBuildPhase section */

/* Begin PBXGroup section */
		D02C1E471E59F8BE003C5467 = {
			isa = PBXGroup;
			children = (
				D0BDCCF21EA2CEBD00907298 /* EmotionCore.framework */,
				D06BDDB31E69C7E400BBBC0C /* OpenCVWrapper */,
				D02C1E521E59F8BE003C5467 /* Emotion Detect */,
				D02C1E691E59F8BE003C5467 /* Emotion DetectTests */,
				D02C1E741E59F8BE003C5467 /* Emotion DetectUITests */,
				D02C1E511E59F8BE003C5467 /* Products */,
				D02C1E831E5A113E003C5467 /* Frameworks */,
			);
			sourceTree = "<group>";
		};
		D02C1E511E59F8BE003C5467 /* Products */ = {
			isa = PBXGroup;
			children = (
				D02C1E501E59F8BE003C5467 /* Emotion Detect.app */,
				D02C1E661E59F8BE003C5467 /* Emotion DetectTests.xctest */,
				D02C1E711E59F8BE003C5467 /* Emotion DetectUITests.xctest */,
			);
			name = Products;
			sourceTree = "<group>";
		};
		D02C1E521E59F8BE003C5467 /* Emotion Detect */ = {
			isa = PBXGroup;
			children = (
				D0A6955D1E7EFB20008A19F1 /* ViewControllers */,
				D076E42F1E7FDAD400ED584E /* TableViewCells */,
				D02C1E531E59F8BE003C5467 /* AppDelegate.swift */,
				D02C1E591E59F8BE003C5467 /* Main.storyboard */,
				D02C1E5C1E59F8BE003C5467 /* Assets.xcassets */,
				D02C1E5E1E59F8BE003C5467 /* LaunchScreen.storyboard */,
				D02C1E611E59F8BE003C5467 /* Info.plist */,
				D096B65F1E5B356800E99D35 /* CameraType.swift */,
				D0A6955B1E7DF81B008A19F1 /* Result.swift */,
				D0C43FDF1EAAEF2600BD9463 /* EmotionDetection.xcdatamodeld */,
				D0C4400E1EABCC2700BD9463 /* EmotionDetectable.swift */,
			);
			path = "Emotion Detect";
			sourceTree = "<group>";
		};
		D02C1E691E59F8BE003C5467 /* Emotion DetectTests */ = {
			isa = PBXGroup;
			children = (
				D02C1E6A1E59F8BE003C5467 /* Emotion_DetectTests.swift */,
				D02C1E6C1E59F8BE003C5467 /* Info.plist */,
			);
			path = "Emotion DetectTests";
			sourceTree = "<group>";
		};
		D02C1E741E59F8BE003C5467 /* Emotion DetectUITests */ = {
			isa = PBXGroup;
			children = (
				D02C1E751E59F8BE003C5467 /* Emotion_DetectUITests.swift */,
				D02C1E771E59F8BE003C5467 /* Info.plist */,
			);
			path = "Emotion DetectUITests";
			sourceTree = "<group>";
		};
		D02C1E831E5A113E003C5467 /* Frameworks */ = {
			isa = PBXGroup;
			children = (
				D0BDCCF01EA2CE9D00907298 /* EmotionCore.framework */,
				D06BDDC11E69C93600BBBC0C /* opencv2.framework */,
				D02C1E841E5A113E003C5467 /* AVFoundation.framework */,
			);
			name = Frameworks;
			sourceTree = "<group>";
		};
		D06BDDB31E69C7E400BBBC0C /* OpenCVWrapper */ = {
			isa = PBXGroup;
			children = (
				D0C43FEF1EABAC4D00BD9463 /* anger.xml */,
				D0C43FF01EABAC4D00BD9463 /* contempt.xml */,
				D0C43FF11EABAC4D00BD9463 /* disgust.xml */,
				D0C43FF21EABAC4D00BD9463 /* fear.xml */,
				D0C43FF31EABAC4D00BD9463 /* haarcascade_eye_tree_eyeglasses.xml */,
				D0C43FF41EABAC4D00BD9463 /* haarcascade_frontalface_alt.xml */,
				D0C43FF51EABAC4D00BD9463 /* happiness.xml */,
				D0C43FF61EABAC4D00BD9463 /* negative.xml */,
				D0C43FF71EABAC4D00BD9463 /* neutral.xml */,
				D0C43FF81EABAC4D00BD9463 /* OpenCVWrapper.h */,
				D0C43FF91EABAC4D00BD9463 /* OpenCVWrapper.mm */,
				D0C43FFA1EABAC4D00BD9463 /* positive.xml */,
				D0C43FFB1EABAC4D00BD9463 /* sadness.xml */,
				D0C43FFC1EABAC4D00BD9463 /* surprise.xml */,
				D06BDDB41E69C84E00BBBC0C /* Emotion Detect-Bridging-Header.h */,
			);
			path = OpenCVWrapper;
			sourceTree = "<group>";
		};
		D076E42F1E7FDAD400ED584E /* TableViewCells */ = {
			isa = PBXGroup;
			children = (
				D0A695591E7DEB88008A19F1 /* ResultsTableViewCell.swift */,
				D076E4301E7FDB0D00ED584E /* SessionTableViewCell.swift */,
			);
			name = TableViewCells;
			sourceTree = "<group>";
		};
		D0A6955D1E7EFB20008A19F1 /* ViewControllers */ = {
			isa = PBXGroup;
			children = (
				D02C1E551E59F8BE003C5467 /* LiveViewModeViewController.swift */,
				D0C43FE21EAB8A4000BD9463 /* LiveViewModeViewController+AVCaptureVideoDataOutputSampleBufferDelegate.swift */,
				D02A9FB41E7C593E005AD526 /* ResultsTableViewController.swift */,
				D076E4321E7FDB2600ED584E /* SessionTableViewController.swift */,
				D0A6955E1E7EFBA1008A19F1 /* DetectedEmotionViewController.swift */,
				D0C43FEA1EABA12800BD9463 /* SettingsViewController.swift */,
				D0C4400A1EABB09600BD9463 /* VideoViewController.swift */,
				D0C4400C1EABBD8200BD9463 /* PhotoViewController.swift */,
			);
			name = ViewControllers;
			sourceTree = "<group>";
		};
/* End PBXGroup section */

/* Begin PBXNativeTarget section */
		D02C1E4F1E59F8BE003C5467 /* Emotion Detect */ = {
			isa = PBXNativeTarget;
			buildConfigurationList = D02C1E7A1E59F8BE003C5467 /* Build configuration list for PBXNativeTarget "Emotion Detect" */;
			buildPhases = (
				D02C1E4C1E59F8BE003C5467 /* Sources */,
				D02C1E4D1E59F8BE003C5467 /* Frameworks */,
				D02C1E4E1E59F8BE003C5467 /* Resources */,
				D06BDDDA1E69D92F00BBBC0C /* Embed Frameworks */,
			);
			buildRules = (
			);
			dependencies = (
			);
			name = "Emotion Detect";
			productName = "Emotion Detect";
			productReference = D02C1E501E59F8BE003C5467 /* Emotion Detect.app */;
			productType = "com.apple.product-type.application";
		};
		D02C1E651E59F8BE003C5467 /* Emotion DetectTests */ = {
			isa = PBXNativeTarget;
			buildConfigurationList = D02C1E7D1E59F8BE003C5467 /* Build configuration list for PBXNativeTarget "Emotion DetectTests" */;
			buildPhases = (
				D02C1E621E59F8BE003C5467 /* Sources */,
				D02C1E631E59F8BE003C5467 /* Frameworks */,
				D02C1E641E59F8BE003C5467 /* Resources */,
			);
			buildRules = (
			);
			dependencies = (
				D02C1E681E59F8BE003C5467 /* PBXTargetDependency */,
			);
			name = "Emotion DetectTests";
			productName = "Emotion DetectTests";
			productReference = D02C1E661E59F8BE003C5467 /* Emotion DetectTests.xctest */;
			productType = "com.apple.product-type.bundle.unit-test";
		};
		D02C1E701E59F8BE003C5467 /* Emotion DetectUITests */ = {
			isa = PBXNativeTarget;
			buildConfigurationList = D02C1E801E59F8BE003C5467 /* Build configuration list for PBXNativeTarget "Emotion DetectUITests" */;
			buildPhases = (
				D02C1E6D1E59F8BE003C5467 /* Sources */,
				D02C1E6E1E59F8BE003C5467 /* Frameworks */,
				D02C1E6F1E59F8BE003C5467 /* Resources */,
			);
			buildRules = (
			);
			dependencies = (
				D02C1E731E59F8BE003C5467 /* PBXTargetDependency */,
			);
			name = "Emotion DetectUITests";
			productName = "Emotion DetectUITests";
			productReference = D02C1E711E59F8BE003C5467 /* Emotion DetectUITests.xctest */;
			productType = "com.apple.product-type.bundle.ui-testing";
		};
/* End PBXNativeTarget section */

/* Begin PBXProject section */
		D02C1E481E59F8BE003C5467 /* Project object */ = {
			isa = PBXProject;
			attributes = {
				LastSwiftUpdateCheck = 0820;
				LastUpgradeCheck = 0820;
				ORGANIZATIONNAME = "Peter Entwistle";
				TargetAttributes = {
					D02C1E4F1E59F8BE003C5467 = {
						CreatedOnToolsVersion = 8.2.1;
						DevelopmentTeam = WQG87JK36G;
						LastSwiftMigration = 0820;
						ProvisioningStyle = Automatic;
					};
					D02C1E651E59F8BE003C5467 = {
						CreatedOnToolsVersion = 8.2.1;
						DevelopmentTeam = WQG87JK36G;
						ProvisioningStyle = Automatic;
						TestTargetID = D02C1E4F1E59F8BE003C5467;
					};
					D02C1E701E59F8BE003C5467 = {
						CreatedOnToolsVersion = 8.2.1;
						DevelopmentTeam = WQG87JK36G;
						ProvisioningStyle = Automatic;
						TestTargetID = D02C1E4F1E59F8BE003C5467;
					};
				};
			};
			buildConfigurationList = D02C1E4B1E59F8BE003C5467 /* Build configuration list for PBXProject "Emotion Detect" */;
			compatibilityVersion = "Xcode 3.2";
			developmentRegion = English;
			hasScannedForEncodings = 0;
			knownRegions = (
				en,
				Base,
			);
			mainGroup = D02C1E471E59F8BE003C5467;
			productRefGroup = D02C1E511E59F8BE003C5467 /* Products */;
			projectDirPath = "";
			projectRoot = "";
			targets = (
				D02C1E4F1E59F8BE003C5467 /* Emotion Detect */,
				D02C1E651E59F8BE003C5467 /* Emotion DetectTests */,
				D02C1E701E59F8BE003C5467 /* Emotion DetectUITests */,
			);
		};
/* End PBXProject section */

/* Begin PBXResourcesBuildPhase section */
		D02C1E4E1E59F8BE003C5467 /* Resources */ = {
			isa = PBXResourcesBuildPhase;
			buildActionMask = 2147483647;
			files = (
				D0C440091EABAC4D00BD9463 /* surprise.xml in Resources */,
				D02C1E601E59F8BE003C5467 /* LaunchScreen.storyboard in Resources */,
				D0C43FFD1EABAC4D00BD9463 /* anger.xml in Resources */,
				D02C1E5D1E59F8BE003C5467 /* Assets.xcassets in Resources */,
				D0C43FFF1EABAC4D00BD9463 /* disgust.xml in Resources */,
				D0C440041EABAC4D00BD9463 /* negative.xml in Resources */,
				D0C440081EABAC4D00BD9463 /* sadness.xml in Resources */,
				D0C440051EABAC4D00BD9463 /* neutral.xml in Resources */,
				D0C440001EABAC4D00BD9463 /* fear.xml in Resources */,
				D0C440031EABAC4D00BD9463 /* happiness.xml in Resources */,
				D0C440071EABAC4D00BD9463 /* positive.xml in Resources */,
				D0C43FFE1EABAC4D00BD9463 /* contempt.xml in Resources */,
				D02C1E5B1E59F8BE003C5467 /* Main.storyboard in Resources */,
				D0C440021EABAC4D00BD9463 /* haarcascade_frontalface_alt.xml in Resources */,
				D0C440011EABAC4D00BD9463 /* haarcascade_eye_tree_eyeglasses.xml in Resources */,
			);
			runOnlyForDeploymentPostprocessing = 0;
		};
		D02C1E641E59F8BE003C5467 /* Resources */ = {
			isa = PBXResourcesBuildPhase;
			buildActionMask = 2147483647;
			files = (
			);
			runOnlyForDeploymentPostprocessing = 0;
		};
		D02C1E6F1E59F8BE003C5467 /* Resources */ = {
			isa = PBXResourcesBuildPhase;
			buildActionMask = 2147483647;
			files = (
			);
			runOnlyForDeploymentPostprocessing = 0;
		};
/* End PBXResourcesBuildPhase section */

/* Begin PBXSourcesBuildPhase section */
		D02C1E4C1E59F8BE003C5467 /* Sources */ = {
			isa = PBXSourcesBuildPhase;
			buildActionMask = 2147483647;
			files = (
				D076E4311E7FDB0D00ED584E /* SessionTableViewCell.swift in Sources */,
				D0A6955C1E7DF81B008A19F1 /* Result.swift in Sources */,
				D02A9FB51E7C593E005AD526 /* ResultsTableViewController.swift in Sources */,
				D0C440061EABAC4D00BD9463 /* OpenCVWrapper.mm in Sources */,
				D0A6955A1E7DEB88008A19F1 /* ResultsTableViewCell.swift in Sources */,
				D096B6601E5B356800E99D35 /* CameraType.swift in Sources */,
				D076E4331E7FDB2600ED584E /* SessionTableViewController.swift in Sources */,
				D0C4400B1EABB09600BD9463 /* VideoViewController.swift in Sources */,
				D02C1E541E59F8BE003C5467 /* AppDelegate.swift in Sources */,
				D0C43FEB1EABA12800BD9463 /* SettingsViewController.swift in Sources */,
				D0C4400F1EABCC2700BD9463 /* EmotionDetectable.swift in Sources */,
				D0A6955F1E7EFBA1008A19F1 /* DetectedEmotionViewController.swift in Sources */,
				D0C43FE31EAB8A4000BD9463 /* LiveViewModeViewController+AVCaptureVideoDataOutputSampleBufferDelegate.swift in Sources */,
				D02C1E561E59F8BE003C5467 /* LiveViewModeViewController.swift in Sources */,
				D0C43FE11EAAEF2600BD9463 /* EmotionDetection.xcdatamodeld in Sources */,
				D0C4400D1EABBD8200BD9463 /* PhotoViewController.swift in Sources */,
			);
			runOnlyForDeploymentPostprocessing = 0;
		};
		D02C1E621E59F8BE003C5467 /* Sources */ = {
			isa = PBXSourcesBuildPhase;
			buildActionMask = 2147483647;
			files = (
				D02C1E6B1E59F8BE003C5467 /* Emotion_DetectTests.swift in Sources */,
			);
			runOnlyForDeploymentPostprocessing = 0;
		};
		D02C1E6D1E59F8BE003C5467 /* Sources */ = {
			isa = PBXSourcesBuildPhase;
			buildActionMask = 2147483647;
			files = (
				D02C1E761E59F8BE003C5467 /* Emotion_DetectUITests.swift in Sources */,
			);
			runOnlyForDeploymentPostprocessing = 0;
		};
/* End PBXSourcesBuildPhase section */

/* Begin PBXTargetDependency section */
		D02C1E681E59F8BE003C5467 /* PBXTargetDependency */ = {
			isa = PBXTargetDependency;
			target = D02C1E4F1E59F8BE003C5467 /* Emotion Detect */;
			targetProxy = D02C1E671E59F8BE003C5467 /* PBXContainerItemProxy */;
		};
		D02C1E731E59F8BE003C5467 /* PBXTargetDependency */ = {
			isa = PBXTargetDependency;
			target = D02C1E4F1E59F8BE003C5467 /* Emotion Detect */;
			targetProxy = D02C1E721E59F8BE003C5467 /* PBXContainerItemProxy */;
		};
/* End PBXTargetDependency section */

/* Begin PBXVariantGroup section */
		D02C1E591E59F8BE003C5467 /* Main.storyboard */ = {
			isa = PBXVariantGroup;
			children = (
				D02C1E5A1E59F8BE003C5467 /* Base */,
			);
			name = Main.storyboard;
			sourceTree = "<group>";
		};
		D02C1E5E1E59F8BE003C5467 /* LaunchScreen.storyboard */ = {
			isa = PBXVariantGroup;
			children = (
				D02C1E5F1E59F8BE003C5467 /* Base */,
			);
			name = LaunchScreen.storyboard;
			sourceTree = "<group>";
		};
/* End PBXVariantGroup section */

/* Begin XCBuildConfiguration section */
		D02C1E781E59F8BE003C5467 /* Debug */ = {
			isa = XCBuildConfiguration;
			buildSettings = {
				ALWAYS_SEARCH_USER_PATHS = NO;
				CLANG_ANALYZER_NONNULL = YES;
				CLANG_CXX_LANGUAGE_STANDARD = "gnu++0x";
				CLANG_CXX_LIBRARY = "libc++";
				CLANG_ENABLE_MODULES = YES;
				CLANG_ENABLE_OBJC_ARC = YES;
				CLANG_WARN_BOOL_CONVERSION = YES;
				CLANG_WARN_CONSTANT_CONVERSION = YES;
				CLANG_WARN_DIRECT_OBJC_ISA_USAGE = YES_ERROR;
				CLANG_WARN_DOCUMENTATION_COMMENTS = YES;
				CLANG_WARN_EMPTY_BODY = YES;
				CLANG_WARN_ENUM_CONVERSION = YES;
				CLANG_WARN_INFINITE_RECURSION = YES;
				CLANG_WARN_INT_CONVERSION = YES;
				CLANG_WARN_OBJC_ROOT_CLASS = YES_ERROR;
				CLANG_WARN_SUSPICIOUS_MOVE = YES;
				CLANG_WARN_UNREACHABLE_CODE = YES;
				CLANG_WARN__DUPLICATE_METHOD_MATCH = YES;
				"CODE_SIGN_IDENTITY[sdk=iphoneos*]" = "iPhone Developer";
				COPY_PHASE_STRIP = NO;
				DEBUG_INFORMATION_FORMAT = dwarf;
				ENABLE_STRICT_OBJC_MSGSEND = YES;
				ENABLE_TESTABILITY = YES;
				GCC_C_LANGUAGE_STANDARD = gnu99;
				GCC_DYNAMIC_NO_PIC = NO;
				GCC_NO_COMMON_BLOCKS = YES;
				GCC_OPTIMIZATION_LEVEL = 0;
				GCC_PREPROCESSOR_DEFINITIONS = (
					"DEBUG=1",
					"$(inherited)",
				);
				GCC_WARN_64_TO_32_BIT_CONVERSION = YES;
				GCC_WARN_ABOUT_RETURN_TYPE = YES_ERROR;
				GCC_WARN_UNDECLARED_SELECTOR = YES;
				GCC_WARN_UNINITIALIZED_AUTOS = YES_AGGRESSIVE;
				GCC_WARN_UNUSED_FUNCTION = YES;
				GCC_WARN_UNUSED_VARIABLE = YES;
				IPHONEOS_DEPLOYMENT_TARGET = 10.2;
				MTL_ENABLE_DEBUG_INFO = YES;
				ONLY_ACTIVE_ARCH = YES;
				SDKROOT = iphoneos;
				SWIFT_ACTIVE_COMPILATION_CONDITIONS = DEBUG;
				SWIFT_OPTIMIZATION_LEVEL = "-Onone";
				TARGETED_DEVICE_FAMILY = "1,2";
			};
			name = Debug;
		};
		D02C1E791E59F8BE003C5467 /* Release */ = {
			isa = XCBuildConfiguration;
			buildSettings = {
				ALWAYS_SEARCH_USER_PATHS = NO;
				CLANG_ANALYZER_NONNULL = YES;
				CLANG_CXX_LANGUAGE_STANDARD = "gnu++0x";
				CLANG_CXX_LIBRARY = "libc++";
				CLANG_ENABLE_MODULES = YES;
				CLANG_ENABLE_OBJC_ARC = YES;
				CLANG_WARN_BOOL_CONVERSION = YES;
				CLANG_WARN_CONSTANT_CONVERSION = YES;
				CLANG_WARN_DIRECT_OBJC_ISA_USAGE = YES_ERROR;
				CLANG_WARN_DOCUMENTATION_COMMENTS = YES;
				CLANG_WARN_EMPTY_BODY = YES;
				CLANG_WARN_ENUM_CONVERSION = YES;
				CLANG_WARN_INFINITE_RECURSION = YES;
				CLANG_WARN_INT_CONVERSION = YES;
				CLANG_WARN_OBJC_ROOT_CLASS = YES_ERROR;
				CLANG_WARN_SUSPICIOUS_MOVE = YES;
				CLANG_WARN_UNREACHABLE_CODE = YES;
				CLANG_WARN__DUPLICATE_METHOD_MATCH = YES;
				"CODE_SIGN_IDENTITY[sdk=iphoneos*]" = "iPhone Developer";
				COPY_PHASE_STRIP = NO;
				DEBUG_INFORMATION_FORMAT = "dwarf-with-dsym";
				ENABLE_NS_ASSERTIONS = NO;
				ENABLE_STRICT_OBJC_MSGSEND = YES;
				GCC_C_LANGUAGE_STANDARD = gnu99;
				GCC_NO_COMMON_BLOCKS = YES;
				GCC_WARN_64_TO_32_BIT_CONVERSION = YES;
				GCC_WARN_ABOUT_RETURN_TYPE = YES_ERROR;
				GCC_WARN_UNDECLARED_SELECTOR = YES;
				GCC_WARN_UNINITIALIZED_AUTOS = YES_AGGRESSIVE;
				GCC_WARN_UNUSED_FUNCTION = YES;
				GCC_WARN_UNUSED_VARIABLE = YES;
				IPHONEOS_DEPLOYMENT_TARGET = 10.2;
				MTL_ENABLE_DEBUG_INFO = NO;
				SDKROOT = iphoneos;
				SWIFT_OPTIMIZATION_LEVEL = "-Owholemodule";
				TARGETED_DEVICE_FAMILY = "1,2";
				VALIDATE_PRODUCT = YES;
			};
			name = Release;
		};
		D02C1E7B1E59F8BE003C5467 /* Debug */ = {
			isa = XCBuildConfiguration;
			buildSettings = {
				ASSETCATALOG_COMPILER_APPICON_NAME = AppIcon;
				CLANG_ENABLE_MODULES = YES;
				DEVELOPMENT_TEAM = WQG87JK36G;
				FRAMEWORK_SEARCH_PATHS = (
					"$(inherited)",
					"$(PROJECT_DIR)/Packages/OpenCVFramework-1.0.0/Sources",
					"$(PROJECT_DIR)",
					"$(PROJECT_DIR)/Packages/EmotionCore-1.0.12/Sources",
					"$(PROJECT_DIR)/Packages/EmotionCore-1.0.13/Sources",
					"$(PROJECT_DIR)/Packages/EmotionCore-1.0.14/Sources",
					"$(PROJECT_DIR)/Packages/EmotionCore-1.0.15/Sources",
				);
				INFOPLIST_FILE = "Emotion Detect/Info.plist";
				LD_RUNPATH_SEARCH_PATHS = "$(inherited) @executable_path/Frameworks";
				PRODUCT_BUNDLE_IDENTIFIER = "uk.co.peterentwistle.Emotion-Detect";
				PRODUCT_NAME = "$(TARGET_NAME)";
				SWIFT_OBJC_BRIDGING_HEADER = "OpenCVWrapper/Emotion Detect-Bridging-Header.h";
				SWIFT_OPTIMIZATION_LEVEL = "-Onone";
				SWIFT_VERSION = 3.0;
			};
			name = Debug;
		};
		D02C1E7C1E59F8BE003C5467 /* Release */ = {
			isa = XCBuildConfiguration;
			buildSettings = {
				ASSETCATALOG_COMPILER_APPICON_NAME = AppIcon;
				CLANG_ENABLE_MODULES = YES;
				DEVELOPMENT_TEAM = WQG87JK36G;
				FRAMEWORK_SEARCH_PATHS = (
					"$(inherited)",
					"$(PROJECT_DIR)/Packages/OpenCVFramework-1.0.0/Sources",
					"$(PROJECT_DIR)",
					"$(PROJECT_DIR)/Packages/EmotionCore-1.0.12/Sources",
					"$(PROJECT_DIR)/Packages/EmotionCore-1.0.13/Sources",
					"$(PROJECT_DIR)/Packages/EmotionCore-1.0.14/Sources",
					"$(PROJECT_DIR)/Packages/EmotionCore-1.0.15/Sources",
				);
				INFOPLIST_FILE = "Emotion Detect/Info.plist";
				LD_RUNPATH_SEARCH_PATHS = "$(inherited) @executable_path/Frameworks";
				PRODUCT_BUNDLE_IDENTIFIER = "uk.co.peterentwistle.Emotion-Detect";
				PRODUCT_NAME = "$(TARGET_NAME)";
				SWIFT_OBJC_BRIDGING_HEADER = "OpenCVWrapper/Emotion Detect-Bridging-Header.h";
				SWIFT_VERSION = 3.0;
			};
			name = Release;
		};
		D02C1E7E1E59F8BE003C5467 /* Debug */ = {
			isa = XCBuildConfiguration;
			buildSettings = {
				ALWAYS_EMBED_SWIFT_STANDARD_LIBRARIES = YES;
				BUNDLE_LOADER = "$(TEST_HOST)";
				DEVELOPMENT_TEAM = WQG87JK36G;
				INFOPLIST_FILE = "Emotion DetectTests/Info.plist";
				LD_RUNPATH_SEARCH_PATHS = "$(inherited) @executable_path/Frameworks @loader_path/Frameworks";
				PRODUCT_BUNDLE_IDENTIFIER = "uk.co.peterentwistle.Emotion-DetectTests";
				PRODUCT_NAME = "$(TARGET_NAME)";
				SWIFT_VERSION = 3.0;
				TEST_HOST = "$(BUILT_PRODUCTS_DIR)/Emotion Detect.app/Emotion Detect";
			};
			name = Debug;
		};
		D02C1E7F1E59F8BE003C5467 /* Release */ = {
			isa = XCBuildConfiguration;
			buildSettings = {
				ALWAYS_EMBED_SWIFT_STANDARD_LIBRARIES = YES;
				BUNDLE_LOADER = "$(TEST_HOST)";
				DEVELOPMENT_TEAM = WQG87JK36G;
				INFOPLIST_FILE = "Emotion DetectTests/Info.plist";
				LD_RUNPATH_SEARCH_PATHS = "$(inherited) @executable_path/Frameworks @loader_path/Frameworks";
				PRODUCT_BUNDLE_IDENTIFIER = "uk.co.peterentwistle.Emotion-DetectTests";
				PRODUCT_NAME = "$(TARGET_NAME)";
				SWIFT_VERSION = 3.0;
				TEST_HOST = "$(BUILT_PRODUCTS_DIR)/Emotion Detect.app/Emotion Detect";
			};
			name = Release;
		};
		D02C1E811E59F8BE003C5467 /* Debug */ = {
			isa = XCBuildConfiguration;
			buildSettings = {
				ALWAYS_EMBED_SWIFT_STANDARD_LIBRARIES = YES;
				DEVELOPMENT_TEAM = WQG87JK36G;
				INFOPLIST_FILE = "Emotion DetectUITests/Info.plist";
				LD_RUNPATH_SEARCH_PATHS = "$(inherited) @executable_path/Frameworks @loader_path/Frameworks";
				PRODUCT_BUNDLE_IDENTIFIER = "uk.co.peterentwistle.Emotion-DetectUITests";
				PRODUCT_NAME = "$(TARGET_NAME)";
				SWIFT_VERSION = 3.0;
				TEST_TARGET_NAME = "Emotion Detect";
			};
			name = Debug;
		};
		D02C1E821E59F8BE003C5467 /* Release */ = {
			isa = XCBuildConfiguration;
			buildSettings = {
				ALWAYS_EMBED_SWIFT_STANDARD_LIBRARIES = YES;
				DEVELOPMENT_TEAM = WQG87JK36G;
				INFOPLIST_FILE = "Emotion DetectUITests/Info.plist";
				LD_RUNPATH_SEARCH_PATHS = "$(inherited) @executable_path/Frameworks @loader_path/Frameworks";
				PRODUCT_BUNDLE_IDENTIFIER = "uk.co.peterentwistle.Emotion-DetectUITests";
				PRODUCT_NAME = "$(TARGET_NAME)";
				SWIFT_VERSION = 3.0;
				TEST_TARGET_NAME = "Emotion Detect";
			};
			name = Release;
		};
/* End XCBuildConfiguration section */

/* Begin XCConfigurationList section */
		D02C1E4B1E59F8BE003C5467 /* Build configuration list for PBXProject "Emotion Detect" */ = {
			isa = XCConfigurationList;
			buildConfigurations = (
				D02C1E781E59F8BE003C5467 /* Debug */,
				D02C1E791E59F8BE003C5467 /* Release */,
			);
			defaultConfigurationIsVisible = 0;
			defaultConfigurationName = Release;
		};
		D02C1E7A1E59F8BE003C5467 /* Build configuration list for PBXNativeTarget "Emotion Detect" */ = {
			isa = XCConfigurationList;
			buildConfigurations = (
				D02C1E7B1E59F8BE003C5467 /* Debug */,
				D02C1E7C1E59F8BE003C5467 /* Release */,
			);
			defaultConfigurationIsVisible = 0;
			defaultConfigurationName = Release;
		};
		D02C1E7D1E59F8BE003C5467 /* Build configuration list for PBXNativeTarget "Emotion DetectTests" */ = {
			isa = XCConfigurationList;
			buildConfigurations = (
				D02C1E7E1E59F8BE003C5467 /* Debug */,
				D02C1E7F1E59F8BE003C5467 /* Release */,
			);
			defaultConfigurationIsVisible = 0;
			defaultConfigurationName = Release;
		};
		D02C1E801E59F8BE003C5467 /* Build configuration list for PBXNativeTarget "Emotion DetectUITests" */ = {
			isa = XCConfigurationList;
			buildConfigurations = (
				D02C1E811E59F8BE003C5467 /* Debug */,
				D02C1E821E59F8BE003C5467 /* Release */,
			);
			defaultConfigurationIsVisible = 0;
			defaultConfigurationName = Release;
		};
/* End XCConfigurationList section */

/* Begin XCVersionGroup section */
		D0C43FDF1EAAEF2600BD9463 /* EmotionDetection.xcdatamodeld */ = {
			isa = XCVersionGroup;
			children = (
				D0C43FE01EAAEF2600BD9463 /* EmotionDetection.xcdatamodel */,
			);
			currentVersion = D0C43FE01EAAEF2600BD9463 /* EmotionDetection.xcdatamodel */;
			path = EmotionDetection.xcdatamodeld;
			sourceTree = "<group>";
			versionGroupType = wrapper.xcdatamodel;
		};
/* End XCVersionGroup section */
	};
	rootObject = D02C1E481E59F8BE003C5467 /* Project object */;
}
